{
  "name": "virtualdom",
  "version": "1.0.0",
  "lockfileVersion": 1,
  "requires": true,
  "dependencies": {
    "list-diff2": {
      "version": "0.1.4",
      "resolved": "https://registry.npmjs.org/list-diff2/-/list-diff2-0.1.4.tgz",
      "integrity": "sha1-hTnAXFebQksTSaNL54UI05IN+Vg="
    }
  }
}
